// !$*UTF8*$!
{
	archiveVersion = 1;
	classes = {
	};
	objectVersion = 56;
	objects = {

/* Begin PBXBuildFile section */
		2B4F85592BC2CF0C00FF80C3 /* TrackerStoreUpdate.swift in Sources */ = {isa = PBXBuildFile; fileRef = 2B4F85582BC2CF0C00FF80C3 /* TrackerStoreUpdate.swift */; };
		2B4F855C2BC2CFA500FF80C3 /* OnboardingViewController.swift in Sources */ = {isa = PBXBuildFile; fileRef = 2B4F855B2BC2CFA500FF80C3 /* OnboardingViewController.swift */; };
		2B4F85612BC2D21100FF80C3 /* CategoryViewController.swift in Sources */ = {isa = PBXBuildFile; fileRef = 2B4F85602BC2D21100FF80C3 /* CategoryViewController.swift */; };
		2B4F85632BC2D23600FF80C3 /* CategoryViewModel.swift in Sources */ = {isa = PBXBuildFile; fileRef = 2B4F85622BC2D23600FF80C3 /* CategoryViewModel.swift */; };
		2B4F85652BC2D25300FF80C3 /* CategoryCell.swift in Sources */ = {isa = PBXBuildFile; fileRef = 2B4F85642BC2D25300FF80C3 /* CategoryCell.swift */; };
		2B4F85672BC2D26800FF80C3 /* CategoryCellViewModel.swift in Sources */ = {isa = PBXBuildFile; fileRef = 2B4F85662BC2D26800FF80C3 /* CategoryCellViewModel.swift */; };
		2B4F85692BC2D27B00FF80C3 /* CreateCategoryViewController.swift in Sources */ = {isa = PBXBuildFile; fileRef = 2B4F85682BC2D27B00FF80C3 /* CreateCategoryViewController.swift */; };
		2B4F856C2BC2D3A200FF80C3 /* UserDefaults+Extension.swift in Sources */ = {isa = PBXBuildFile; fileRef = 2B4F856B2BC2D3A200FF80C3 /* UserDefaults+Extension.swift */; };
		2B8C11552B89C5F7007F600D /* AppDelegate.swift in Sources */ = {isa = PBXBuildFile; fileRef = 2B8C11542B89C5F7007F600D /* AppDelegate.swift */; };
		2B8C11572B89C5F7007F600D /* SceneDelegate.swift in Sources */ = {isa = PBXBuildFile; fileRef = 2B8C11562B89C5F7007F600D /* SceneDelegate.swift */; };
		2B8C115E2B89C5FC007F600D /* Assets.xcassets in Resources */ = {isa = PBXBuildFile; fileRef = 2B8C115D2B89C5FC007F600D /* Assets.xcassets */; };
		2B8C11612B89C5FC007F600D /* LaunchScreen.storyboard in Resources */ = {isa = PBXBuildFile; fileRef = 2B8C115F2B89C5FC007F600D /* LaunchScreen.storyboard */; };
		2B8C117F2B8AFA85007F600D /* Tracker.swift in Sources */ = {isa = PBXBuildFile; fileRef = 2B8C117E2B8AFA85007F600D /* Tracker.swift */; };
		2BD9567D2BAD34A8003CCD5B /* Tracker.xcdatamodeld in Sources */ = {isa = PBXBuildFile; fileRef = 2BD9567B2BAD34A8003CCD5B /* Tracker.xcdatamodeld */; };
		2BD9569B2BB3CB90003CCD5B /* TrackerHeader.swift in Sources */ = {isa = PBXBuildFile; fileRef = 2BD9569A2BB3CB90003CCD5B /* TrackerHeader.swift */; };
		2BD9569D2BB3CC2E003CCD5B /* TrackerCell.swift in Sources */ = {isa = PBXBuildFile; fileRef = 2BD9569C2BB3CC2E003CCD5B /* TrackerCell.swift */; };
		2BD9569F2BB3CC4A003CCD5B /* EmptyView.swift in Sources */ = {isa = PBXBuildFile; fileRef = 2BD9569E2BB3CC4A003CCD5B /* EmptyView.swift */; };
		2BD956A12BB3CC66003CCD5B /* ActionButton.swift in Sources */ = {isa = PBXBuildFile; fileRef = 2BD956A02BB3CC66003CCD5B /* ActionButton.swift */; };
		2BD956A32BB3CC84003CCD5B /* OptionButton.swift in Sources */ = {isa = PBXBuildFile; fileRef = 2BD956A22BB3CC84003CCD5B /* OptionButton.swift */; };
		2BD956A52BB3CC9D003CCD5B /* BorderView.swift in Sources */ = {isa = PBXBuildFile; fileRef = 2BD956A42BB3CC9D003CCD5B /* BorderView.swift */; };
		2BD956A72BB3CCB7003CCD5B /* EmojiCell.swift in Sources */ = {isa = PBXBuildFile; fileRef = 2BD956A62BB3CCB7003CCD5B /* EmojiCell.swift */; };
		2BD956A92BB3CCCD003CCD5B /* OptionCellHeader.swift in Sources */ = {isa = PBXBuildFile; fileRef = 2BD956A82BB3CCCD003CCD5B /* OptionCellHeader.swift */; };
		2BD956AB2BB3CCE6003CCD5B /* ColorCell.swift in Sources */ = {isa = PBXBuildFile; fileRef = 2BD956AA2BB3CCE6003CCD5B /* ColorCell.swift */; };
		2BD956AE2BB3CD13003CCD5B /* TrackersCoreDataFactory.swift in Sources */ = {isa = PBXBuildFile; fileRef = 2BD956AD2BB3CD13003CCD5B /* TrackersCoreDataFactory.swift */; };
		2BD956B02BB3CD2C003CCD5B /* TrackerStore.swift in Sources */ = {isa = PBXBuildFile; fileRef = 2BD956AF2BB3CD2C003CCD5B /* TrackerStore.swift */; };
		2BD956B22BB3CD5D003CCD5B /* TrackerCategoryStore.swift in Sources */ = {isa = PBXBuildFile; fileRef = 2BD956B12BB3CD5D003CCD5B /* TrackerCategoryStore.swift */; };
		2BD956B42BB3CD73003CCD5B /* TrackerRecordStore.swift in Sources */ = {isa = PBXBuildFile; fileRef = 2BD956B32BB3CD73003CCD5B /* TrackerRecordStore.swift */; };
		2BD956B72BB3CDA8003CCD5B /* TabBarViewController.swift in Sources */ = {isa = PBXBuildFile; fileRef = 2BD956B62BB3CDA8003CCD5B /* TabBarViewController.swift */; };
		2BD956BB2BB3CDE1003CCD5B /* TrackersViewController.swift in Sources */ = {isa = PBXBuildFile; fileRef = 2BD956BA2BB3CDE1003CCD5B /* TrackersViewController.swift */; };
		2BD956BD2BB3CDFF003CCD5B /* StatisticViewController.swift in Sources */ = {isa = PBXBuildFile; fileRef = 2BD956BC2BB3CDFF003CCD5B /* StatisticViewController.swift */; };
		2BD956BF2BB3CE1B003CCD5B /* NewTrackerViewController.swift in Sources */ = {isa = PBXBuildFile; fileRef = 2BD956BE2BB3CE1B003CCD5B /* NewTrackerViewController.swift */; };
		2BD956C12BB3CE37003CCD5B /* CreateTrackerViewController.swift in Sources */ = {isa = PBXBuildFile; fileRef = 2BD956C02BB3CE37003CCD5B /* CreateTrackerViewController.swift */; };
		2BD956C32BB3CE5C003CCD5B /* ScheduleViewController.swift in Sources */ = {isa = PBXBuildFile; fileRef = 2BD956C22BB3CE5C003CCD5B /* ScheduleViewController.swift */; };
		2BD956C52BB3CE82003CCD5B /* Resources.swift in Sources */ = {isa = PBXBuildFile; fileRef = 2BD956C42BB3CE82003CCD5B /* Resources.swift */; };
		2BD956C82BB3CF0A003CCD5B /* UIColor+Extensions.swift in Sources */ = {isa = PBXBuildFile; fileRef = 2BD956C72BB3CF0A003CCD5B /* UIColor+Extensions.swift */; };
		2BD956CA2BB3CF20003CCD5B /* TextField+Extensions.swift in Sources */ = {isa = PBXBuildFile; fileRef = 2BD956C92BB3CF20003CCD5B /* TextField+Extensions.swift */; };
		2BD956CC2BB3CF35003CCD5B /* Date+Extensions.swift in Sources */ = {isa = PBXBuildFile; fileRef = 2BD956CB2BB3CF35003CCD5B /* Date+Extensions.swift */; };
		2BD956CE2BB3CF4B003CCD5B /* UIViewController+Extensions.swift in Sources */ = {isa = PBXBuildFile; fileRef = 2BD956CD2BB3CF4B003CCD5B /* UIViewController+Extensions.swift */; };
		2BD956D02BB3CF61003CCD5B /* UICollectionView+Extensions.swift in Sources */ = {isa = PBXBuildFile; fileRef = 2BD956CF2BB3CF61003CCD5B /* UICollectionView+Extensions.swift */; };
/* End PBXBuildFile section */

/* Begin PBXFileReference section */
		2B4F85582BC2CF0C00FF80C3 /* TrackerStoreUpdate.swift */ = {isa = PBXFileReference; lastKnownFileType = sourcecode.swift; path = TrackerStoreUpdate.swift; sourceTree = "<group>"; };
		2B4F855B2BC2CFA500FF80C3 /* OnboardingViewController.swift */ = {isa = PBXFileReference; lastKnownFileType = sourcecode.swift; path = OnboardingViewController.swift; sourceTree = "<group>"; };
		2B4F85602BC2D21100FF80C3 /* CategoryViewController.swift */ = {isa = PBXFileReference; lastKnownFileType = sourcecode.swift; path = CategoryViewController.swift; sourceTree = "<group>"; };
		2B4F85622BC2D23600FF80C3 /* CategoryViewModel.swift */ = {isa = PBXFileReference; lastKnownFileType = sourcecode.swift; path = CategoryViewModel.swift; sourceTree = "<group>"; };
		2B4F85642BC2D25300FF80C3 /* CategoryCell.swift */ = {isa = PBXFileReference; lastKnownFileType = sourcecode.swift; path = CategoryCell.swift; sourceTree = "<group>"; };
		2B4F85662BC2D26800FF80C3 /* CategoryCellViewModel.swift */ = {isa = PBXFileReference; lastKnownFileType = sourcecode.swift; path = CategoryCellViewModel.swift; sourceTree = "<group>"; };
		2B4F85682BC2D27B00FF80C3 /* CreateCategoryViewController.swift */ = {isa = PBXFileReference; lastKnownFileType = sourcecode.swift; path = CreateCategoryViewController.swift; sourceTree = "<group>"; };
		2B4F856B2BC2D3A200FF80C3 /* UserDefaults+Extension.swift */ = {isa = PBXFileReference; lastKnownFileType = sourcecode.swift; path = "UserDefaults+Extension.swift"; sourceTree = "<group>"; };
		2B8C11512B89C5F7007F600D /* Tracker.app */ = {isa = PBXFileReference; explicitFileType = wrapper.application; includeInIndex = 0; path = Tracker.app; sourceTree = BUILT_PRODUCTS_DIR; };
		2B8C11542B89C5F7007F600D /* AppDelegate.swift */ = {isa = PBXFileReference; lastKnownFileType = sourcecode.swift; path = AppDelegate.swift; sourceTree = "<group>"; };
		2B8C11562B89C5F7007F600D /* SceneDelegate.swift */ = {isa = PBXFileReference; lastKnownFileType = sourcecode.swift; path = SceneDelegate.swift; sourceTree = "<group>"; };
		2B8C115D2B89C5FC007F600D /* Assets.xcassets */ = {isa = PBXFileReference; lastKnownFileType = folder.assetcatalog; path = Assets.xcassets; sourceTree = "<group>"; };
		2B8C11602B89C5FC007F600D /* Base */ = {isa = PBXFileReference; lastKnownFileType = file.storyboard; name = Base; path = Base.lproj/LaunchScreen.storyboard; sourceTree = "<group>"; };
		2B8C11622B89C5FC007F600D /* Info.plist */ = {isa = PBXFileReference; lastKnownFileType = text.plist.xml; path = Info.plist; sourceTree = "<group>"; };
		2B8C117E2B8AFA85007F600D /* Tracker.swift */ = {isa = PBXFileReference; lastKnownFileType = sourcecode.swift; path = Tracker.swift; sourceTree = "<group>"; };
		2BD9567C2BAD34A8003CCD5B /* Tracker.xcdatamodel */ = {isa = PBXFileReference; lastKnownFileType = wrapper.xcdatamodel; path = Tracker.xcdatamodel; sourceTree = "<group>"; };
		2BD9569A2BB3CB90003CCD5B /* TrackerHeader.swift */ = {isa = PBXFileReference; lastKnownFileType = sourcecode.swift; path = TrackerHeader.swift; sourceTree = "<group>"; };
		2BD9569C2BB3CC2E003CCD5B /* TrackerCell.swift */ = {isa = PBXFileReference; lastKnownFileType = sourcecode.swift; path = TrackerCell.swift; sourceTree = "<group>"; };
		2BD9569E2BB3CC4A003CCD5B /* EmptyView.swift */ = {isa = PBXFileReference; lastKnownFileType = sourcecode.swift; path = EmptyView.swift; sourceTree = "<group>"; };
		2BD956A02BB3CC66003CCD5B /* ActionButton.swift */ = {isa = PBXFileReference; lastKnownFileType = sourcecode.swift; path = ActionButton.swift; sourceTree = "<group>"; };
		2BD956A22BB3CC84003CCD5B /* OptionButton.swift */ = {isa = PBXFileReference; lastKnownFileType = sourcecode.swift; path = OptionButton.swift; sourceTree = "<group>"; };
		2BD956A42BB3CC9D003CCD5B /* BorderView.swift */ = {isa = PBXFileReference; lastKnownFileType = sourcecode.swift; path = BorderView.swift; sourceTree = "<group>"; };
		2BD956A62BB3CCB7003CCD5B /* EmojiCell.swift */ = {isa = PBXFileReference; lastKnownFileType = sourcecode.swift; path = EmojiCell.swift; sourceTree = "<group>"; };
		2BD956A82BB3CCCD003CCD5B /* OptionCellHeader.swift */ = {isa = PBXFileReference; lastKnownFileType = sourcecode.swift; path = OptionCellHeader.swift; sourceTree = "<group>"; };
		2BD956AA2BB3CCE6003CCD5B /* ColorCell.swift */ = {isa = PBXFileReference; lastKnownFileType = sourcecode.swift; path = ColorCell.swift; sourceTree = "<group>"; };
		2BD956AD2BB3CD13003CCD5B /* TrackersCoreDataFactory.swift */ = {isa = PBXFileReference; lastKnownFileType = sourcecode.swift; path = TrackersCoreDataFactory.swift; sourceTree = "<group>"; };
		2BD956AF2BB3CD2C003CCD5B /* TrackerStore.swift */ = {isa = PBXFileReference; lastKnownFileType = sourcecode.swift; path = TrackerStore.swift; sourceTree = "<group>"; };
		2BD956B12BB3CD5D003CCD5B /* TrackerCategoryStore.swift */ = {isa = PBXFileReference; lastKnownFileType = sourcecode.swift; path = TrackerCategoryStore.swift; sourceTree = "<group>"; };
		2BD956B32BB3CD73003CCD5B /* TrackerRecordStore.swift */ = {isa = PBXFileReference; lastKnownFileType = sourcecode.swift; path = TrackerRecordStore.swift; sourceTree = "<group>"; };
		2BD956B62BB3CDA8003CCD5B /* TabBarViewController.swift */ = {isa = PBXFileReference; lastKnownFileType = sourcecode.swift; path = TabBarViewController.swift; sourceTree = "<group>"; };
		2BD956BA2BB3CDE1003CCD5B /* TrackersViewController.swift */ = {isa = PBXFileReference; lastKnownFileType = sourcecode.swift; path = TrackersViewController.swift; sourceTree = "<group>"; };
		2BD956BC2BB3CDFF003CCD5B /* StatisticViewController.swift */ = {isa = PBXFileReference; lastKnownFileType = sourcecode.swift; path = StatisticViewController.swift; sourceTree = "<group>"; };
		2BD956BE2BB3CE1B003CCD5B /* NewTrackerViewController.swift */ = {isa = PBXFileReference; lastKnownFileType = sourcecode.swift; path = NewTrackerViewController.swift; sourceTree = "<group>"; };
		2BD956C02BB3CE37003CCD5B /* CreateTrackerViewController.swift */ = {isa = PBXFileReference; lastKnownFileType = sourcecode.swift; path = CreateTrackerViewController.swift; sourceTree = "<group>"; };
		2BD956C22BB3CE5C003CCD5B /* ScheduleViewController.swift */ = {isa = PBXFileReference; lastKnownFileType = sourcecode.swift; path = ScheduleViewController.swift; sourceTree = "<group>"; };
		2BD956C42BB3CE82003CCD5B /* Resources.swift */ = {isa = PBXFileReference; lastKnownFileType = sourcecode.swift; path = Resources.swift; sourceTree = "<group>"; };
		2BD956C72BB3CF0A003CCD5B /* UIColor+Extensions.swift */ = {isa = PBXFileReference; lastKnownFileType = sourcecode.swift; path = "UIColor+Extensions.swift"; sourceTree = "<group>"; };
		2BD956C92BB3CF20003CCD5B /* TextField+Extensions.swift */ = {isa = PBXFileReference; lastKnownFileType = sourcecode.swift; path = "TextField+Extensions.swift"; sourceTree = "<group>"; };
		2BD956CB2BB3CF35003CCD5B /* Date+Extensions.swift */ = {isa = PBXFileReference; lastKnownFileType = sourcecode.swift; path = "Date+Extensions.swift"; sourceTree = "<group>"; };
		2BD956CD2BB3CF4B003CCD5B /* UIViewController+Extensions.swift */ = {isa = PBXFileReference; lastKnownFileType = sourcecode.swift; path = "UIViewController+Extensions.swift"; sourceTree = "<group>"; };
		2BD956CF2BB3CF61003CCD5B /* UICollectionView+Extensions.swift */ = {isa = PBXFileReference; lastKnownFileType = sourcecode.swift; path = "UICollectionView+Extensions.swift"; sourceTree = "<group>"; };
/* End PBXFileReference section */

/* Begin PBXFrameworksBuildPhase section */
		2B8C114E2B89C5F7007F600D /* Frameworks */ = {
			isa = PBXFrameworksBuildPhase;
			buildActionMask = 2147483647;
			files = (
			);
			runOnlyForDeploymentPostprocessing = 0;
		};
/* End PBXFrameworksBuildPhase section */

/* Begin PBXGroup section */
		2B4F855A2BC2CF8800FF80C3 /* Modules */ = {
			isa = PBXGroup;
			children = (
				2B4F855B2BC2CFA500FF80C3 /* OnboardingViewController.swift */,
				2BD956B62BB3CDA8003CCD5B /* TabBarViewController.swift */,
				2BD956A02BB3CC66003CCD5B /* ActionButton.swift */,
				2BD9569E2BB3CC4A003CCD5B /* EmptyView.swift */,
				2B4F855D2BC2D04C00FF80C3 /* TrackerList */,
				2B4F856A2BC2D2AA00FF80C3 /* Statistics */,
			);
			path = Modules;
			sourceTree = "<group>";
		};
		2B4F855D2BC2D04C00FF80C3 /* TrackerList */ = {
			isa = PBXGroup;
			children = (
				2BD956BA2BB3CDE1003CCD5B /* TrackersViewController.swift */,
				2BD9569A2BB3CB90003CCD5B /* TrackerHeader.swift */,
				2BD9569C2BB3CC2E003CCD5B /* TrackerCell.swift */,
				2B4F855E2BC2D0F800FF80C3 /* CreateTracker */,
			);
			path = TrackerList;
			sourceTree = "<group>";
		};
		2B4F855E2BC2D0F800FF80C3 /* CreateTracker */ = {
			isa = PBXGroup;
			children = (
				2BD956BE2BB3CE1B003CCD5B /* NewTrackerViewController.swift */,
				2BD956C02BB3CE37003CCD5B /* CreateTrackerViewController.swift */,
				2BD956C22BB3CE5C003CCD5B /* ScheduleViewController.swift */,
				2B8C117E2B8AFA85007F600D /* Tracker.swift */,
				2BD956A42BB3CC9D003CCD5B /* BorderView.swift */,
				2BD956A22BB3CC84003CCD5B /* OptionButton.swift */,
				2BD956A82BB3CCCD003CCD5B /* OptionCellHeader.swift */,
				2BD956AA2BB3CCE6003CCD5B /* ColorCell.swift */,
				2BD956A62BB3CCB7003CCD5B /* EmojiCell.swift */,
				2B4F855F2BC2D1E900FF80C3 /* CategoryList */,
			);
			path = CreateTracker;
			sourceTree = "<group>";
		};
		2B4F855F2BC2D1E900FF80C3 /* CategoryList */ = {
			isa = PBXGroup;
			children = (
				2B4F85602BC2D21100FF80C3 /* CategoryViewController.swift */,
				2B4F85622BC2D23600FF80C3 /* CategoryViewModel.swift */,
				2B4F85642BC2D25300FF80C3 /* CategoryCell.swift */,
				2B4F85662BC2D26800FF80C3 /* CategoryCellViewModel.swift */,
				2B4F85682BC2D27B00FF80C3 /* CreateCategoryViewController.swift */,
			);
			path = CategoryList;
			sourceTree = "<group>";
		};
		2B4F856A2BC2D2AA00FF80C3 /* Statistics */ = {
			isa = PBXGroup;
			children = (
				2BD956BC2BB3CDFF003CCD5B /* StatisticViewController.swift */,
			);
			path = Statistics;
			sourceTree = "<group>";
		};
		2B8C11482B89C5F7007F600D = {
			isa = PBXGroup;
			children = (
				2B8C11532B89C5F7007F600D /* Tracker */,
				2B8C11522B89C5F7007F600D /* Products */,
			);
			sourceTree = "<group>";
		};
		2B8C11522B89C5F7007F600D /* Products */ = {
			isa = PBXGroup;
			children = (
				2B8C11512B89C5F7007F600D /* Tracker.app */,
			);
			name = Products;
			sourceTree = "<group>";
		};
		2B8C11532B89C5F7007F600D /* Tracker */ = {
			isa = PBXGroup;
			children = (
				2BD956962BB3CA62003CCD5B /* CoreData */,
				2B8C11682B89D036007F600D /* Application */,
				2BD956AC2BB3CCFC003CCD5B /* Services */,
				2B4F855A2BC2CF8800FF80C3 /* Modules */,
				2BD956C42BB3CE82003CCD5B /* Resources.swift */,
				2B8C115D2B89C5FC007F600D /* Assets.xcassets */,
				2B8C115F2B89C5FC007F600D /* LaunchScreen.storyboard */,
				2B8C11622B89C5FC007F600D /* Info.plist */,
				2BD956C62BB3CEF0003CCD5B /* Extensions */,
			);
			path = Tracker;
			sourceTree = "<group>";
		};
		2B8C11682B89D036007F600D /* Application */ = {
			isa = PBXGroup;
			children = (
				2B8C11542B89C5F7007F600D /* AppDelegate.swift */,
				2B8C11562B89C5F7007F600D /* SceneDelegate.swift */,
			);
			path = Application;
			sourceTree = "<group>";
		};
		2BD956962BB3CA62003CCD5B /* CoreData */ = {
			isa = PBXGroup;
			children = (
				2BD9567B2BAD34A8003CCD5B /* Tracker.xcdatamodeld */,
			);
			path = CoreData;
			sourceTree = "<group>";
		};
		2BD956AC2BB3CCFC003CCD5B /* Services */ = {
			isa = PBXGroup;
			children = (
				2BD956AD2BB3CD13003CCD5B /* TrackersCoreDataFactory.swift */,
				2B4F85582BC2CF0C00FF80C3 /* TrackerStoreUpdate.swift */,
				2BD956AF2BB3CD2C003CCD5B /* TrackerStore.swift */,
				2BD956B12BB3CD5D003CCD5B /* TrackerCategoryStore.swift */,
				2BD956B32BB3CD73003CCD5B /* TrackerRecordStore.swift */,
			);
			path = Services;
			sourceTree = "<group>";
		};
		2BD956C62BB3CEF0003CCD5B /* Extensions */ = {
			isa = PBXGroup;
			children = (
				2BD956C72BB3CF0A003CCD5B /* UIColor+Extensions.swift */,
				2BD956C92BB3CF20003CCD5B /* TextField+Extensions.swift */,
				2BD956CB2BB3CF35003CCD5B /* Date+Extensions.swift */,
				2BD956CD2BB3CF4B003CCD5B /* UIViewController+Extensions.swift */,
				2BD956CF2BB3CF61003CCD5B /* UICollectionView+Extensions.swift */,
				2B4F856B2BC2D3A200FF80C3 /* UserDefaults+Extension.swift */,
			);
			path = Extensions;
			sourceTree = "<group>";
		};
/* End PBXGroup section */

/* Begin PBXNativeTarget section */
		2B8C11502B89C5F7007F600D /* Tracker */ = {
			isa = PBXNativeTarget;
			buildConfigurationList = 2B8C11652B89C5FC007F600D /* Build configuration list for PBXNativeTarget "Tracker" */;
			buildPhases = (
				2B8C114D2B89C5F7007F600D /* Sources */,
				2B8C114E2B89C5F7007F600D /* Frameworks */,
				2B8C114F2B89C5F7007F600D /* Resources */,
			);
			buildRules = (
			);
			dependencies = (
			);
			name = Tracker;
			productName = Tracker;
			productReference = 2B8C11512B89C5F7007F600D /* Tracker.app */;
			productType = "com.apple.product-type.application";
		};
/* End PBXNativeTarget section */

/* Begin PBXProject section */
		2B8C11492B89C5F7007F600D /* Project object */ = {
			isa = PBXProject;
			attributes = {
				BuildIndependentTargetsInParallel = 1;
				LastSwiftUpdateCheck = 1430;
				LastUpgradeCheck = 1430;
				TargetAttributes = {
					2B8C11502B89C5F7007F600D = {
						CreatedOnToolsVersion = 14.3.1;
					};
				};
			};
			buildConfigurationList = 2B8C114C2B89C5F7007F600D /* Build configuration list for PBXProject "Tracker" */;
			compatibilityVersion = "Xcode 14.0";
			developmentRegion = en;
			hasScannedForEncodings = 0;
			knownRegions = (
				en,
				Base,
			);
			mainGroup = 2B8C11482B89C5F7007F600D;
			productRefGroup = 2B8C11522B89C5F7007F600D /* Products */;
			projectDirPath = "";
			projectRoot = "";
			targets = (
				2B8C11502B89C5F7007F600D /* Tracker */,
			);
		};
/* End PBXProject section */

/* Begin PBXResourcesBuildPhase section */
		2B8C114F2B89C5F7007F600D /* Resources */ = {
			isa = PBXResourcesBuildPhase;
			buildActionMask = 2147483647;
			files = (
				2B8C11612B89C5FC007F600D /* LaunchScreen.storyboard in Resources */,
				2B8C115E2B89C5FC007F600D /* Assets.xcassets in Resources */,
			);
			runOnlyForDeploymentPostprocessing = 0;
		};
/* End PBXResourcesBuildPhase section */

/* Begin PBXSourcesBuildPhase section */
		2B8C114D2B89C5F7007F600D /* Sources */ = {
			isa = PBXSourcesBuildPhase;
			buildActionMask = 2147483647;
			files = (
				2BD956A32BB3CC84003CCD5B /* OptionButton.swift in Sources */,
				2B4F85672BC2D26800FF80C3 /* CategoryCellViewModel.swift in Sources */,
				2B8C11552B89C5F7007F600D /* AppDelegate.swift in Sources */,
				2B4F85612BC2D21100FF80C3 /* CategoryViewController.swift in Sources */,
				2BD956BB2BB3CDE1003CCD5B /* TrackersViewController.swift in Sources */,
				2BD956BD2BB3CDFF003CCD5B /* StatisticViewController.swift in Sources */,
				2B8C117F2B8AFA85007F600D /* Tracker.swift in Sources */,
				2B8C11572B89C5F7007F600D /* SceneDelegate.swift in Sources */,
				2B4F85632BC2D23600FF80C3 /* CategoryViewModel.swift in Sources */,
				2BD956D02BB3CF61003CCD5B /* UICollectionView+Extensions.swift in Sources */,
				2BD956B22BB3CD5D003CCD5B /* TrackerCategoryStore.swift in Sources */,
				2BD9569D2BB3CC2E003CCD5B /* TrackerCell.swift in Sources */,
				2BD9569F2BB3CC4A003CCD5B /* EmptyView.swift in Sources */,
				2BD956C12BB3CE37003CCD5B /* CreateTrackerViewController.swift in Sources */,
				2BD956BF2BB3CE1B003CCD5B /* NewTrackerViewController.swift in Sources */,
				2BD956B02BB3CD2C003CCD5B /* TrackerStore.swift in Sources */,
				2BD956A72BB3CCB7003CCD5B /* EmojiCell.swift in Sources */,
				2BD956CA2BB3CF20003CCD5B /* TextField+Extensions.swift in Sources */,
				2B4F85592BC2CF0C00FF80C3 /* TrackerStoreUpdate.swift in Sources */,
				2BD956A52BB3CC9D003CCD5B /* BorderView.swift in Sources */,
				2BD956AE2BB3CD13003CCD5B /* TrackersCoreDataFactory.swift in Sources */,
				2BD956C32BB3CE5C003CCD5B /* ScheduleViewController.swift in Sources */,
				2BD956A92BB3CCCD003CCD5B /* OptionCellHeader.swift in Sources */,
				2BD956AB2BB3CCE6003CCD5B /* ColorCell.swift in Sources */,
				2B4F85652BC2D25300FF80C3 /* CategoryCell.swift in Sources */,
				2BD956B72BB3CDA8003CCD5B /* TabBarViewController.swift in Sources */,
				2B4F85692BC2D27B00FF80C3 /* CreateCategoryViewController.swift in Sources */,
				2BD956B42BB3CD73003CCD5B /* TrackerRecordStore.swift in Sources */,
				2BD956A12BB3CC66003CCD5B /* ActionButton.swift in Sources */,
				2BD956CE2BB3CF4B003CCD5B /* UIViewController+Extensions.swift in Sources */,
				2BD9567D2BAD34A8003CCD5B /* Tracker.xcdatamodeld in Sources */,
				2BD956CC2BB3CF35003CCD5B /* Date+Extensions.swift in Sources */,
				2BD9569B2BB3CB90003CCD5B /* TrackerHeader.swift in Sources */,
				2BD956C82BB3CF0A003CCD5B /* UIColor+Extensions.swift in Sources */,
				2B4F855C2BC2CFA500FF80C3 /* OnboardingViewController.swift in Sources */,
				2B4F856C2BC2D3A200FF80C3 /* UserDefaults+Extension.swift in Sources */,
				2BD956C52BB3CE82003CCD5B /* Resources.swift in Sources */,
			);
			runOnlyForDeploymentPostprocessing = 0;
		};
/* End PBXSourcesBuildPhase section */

/* Begin PBXVariantGroup section */
		2B8C115F2B89C5FC007F600D /* LaunchScreen.storyboard */ = {
			isa = PBXVariantGroup;
			children = (
				2B8C11602B89C5FC007F600D /* Base */,
			);
			name = LaunchScreen.storyboard;
			sourceTree = "<group>";
		};
/* End PBXVariantGroup section */

/* Begin XCBuildConfiguration section */
		2B8C11632B89C5FC007F600D /* Debug */ = {
			isa = XCBuildConfiguration;
			buildSettings = {
				ALWAYS_SEARCH_USER_PATHS = NO;
				CLANG_ANALYZER_NONNULL = YES;
				CLANG_ANALYZER_NUMBER_OBJECT_CONVERSION = YES_AGGRESSIVE;
				CLANG_CXX_LANGUAGE_STANDARD = "gnu++20";
				CLANG_ENABLE_MODULES = YES;
				CLANG_ENABLE_OBJC_ARC = YES;
				CLANG_ENABLE_OBJC_WEAK = YES;
				CLANG_WARN_BLOCK_CAPTURE_AUTORELEASING = YES;
				CLANG_WARN_BOOL_CONVERSION = YES;
				CLANG_WARN_COMMA = YES;
				CLANG_WARN_CONSTANT_CONVERSION = YES;
				CLANG_WARN_DEPRECATED_OBJC_IMPLEMENTATIONS = YES;
				CLANG_WARN_DIRECT_OBJC_ISA_USAGE = YES_ERROR;
				CLANG_WARN_DOCUMENTATION_COMMENTS = YES;
				CLANG_WARN_EMPTY_BODY = YES;
				CLANG_WARN_ENUM_CONVERSION = YES;
				CLANG_WARN_INFINITE_RECURSION = YES;
				CLANG_WARN_INT_CONVERSION = YES;
				CLANG_WARN_NON_LITERAL_NULL_CONVERSION = YES;
				CLANG_WARN_OBJC_IMPLICIT_RETAIN_SELF = YES;
				CLANG_WARN_OBJC_LITERAL_CONVERSION = YES;
				CLANG_WARN_OBJC_ROOT_CLASS = YES_ERROR;
				CLANG_WARN_QUOTED_INCLUDE_IN_FRAMEWORK_HEADER = YES;
				CLANG_WARN_RANGE_LOOP_ANALYSIS = YES;
				CLANG_WARN_STRICT_PROTOTYPES = YES;
				CLANG_WARN_SUSPICIOUS_MOVE = YES;
				CLANG_WARN_UNGUARDED_AVAILABILITY = YES_AGGRESSIVE;
				CLANG_WARN_UNREACHABLE_CODE = YES;
				CLANG_WARN__DUPLICATE_METHOD_MATCH = YES;
				COPY_PHASE_STRIP = NO;
				DEBUG_INFORMATION_FORMAT = dwarf;
				ENABLE_STRICT_OBJC_MSGSEND = YES;
				ENABLE_TESTABILITY = YES;
				GCC_C_LANGUAGE_STANDARD = gnu11;
				GCC_DYNAMIC_NO_PIC = NO;
				GCC_NO_COMMON_BLOCKS = YES;
				GCC_OPTIMIZATION_LEVEL = 0;
				GCC_PREPROCESSOR_DEFINITIONS = (
					"DEBUG=1",
					"$(inherited)",
				);
				GCC_WARN_64_TO_32_BIT_CONVERSION = YES;
				GCC_WARN_ABOUT_RETURN_TYPE = YES_ERROR;
				GCC_WARN_UNDECLARED_SELECTOR = YES;
				GCC_WARN_UNINITIALIZED_AUTOS = YES_AGGRESSIVE;
				GCC_WARN_UNUSED_FUNCTION = YES;
				GCC_WARN_UNUSED_VARIABLE = YES;
				IPHONEOS_DEPLOYMENT_TARGET = 16.4;
				MTL_ENABLE_DEBUG_INFO = INCLUDE_SOURCE;
				MTL_FAST_MATH = YES;
				ONLY_ACTIVE_ARCH = YES;
				SDKROOT = iphoneos;
				SWIFT_ACTIVE_COMPILATION_CONDITIONS = DEBUG;
				SWIFT_OPTIMIZATION_LEVEL = "-Onone";
			};
			name = Debug;
		};
		2B8C11642B89C5FC007F600D /* Release */ = {
			isa = XCBuildConfiguration;
			buildSettings = {
				ALWAYS_SEARCH_USER_PATHS = NO;
				CLANG_ANALYZER_NONNULL = YES;
				CLANG_ANALYZER_NUMBER_OBJECT_CONVERSION = YES_AGGRESSIVE;
				CLANG_CXX_LANGUAGE_STANDARD = "gnu++20";
				CLANG_ENABLE_MODULES = YES;
				CLANG_ENABLE_OBJC_ARC = YES;
				CLANG_ENABLE_OBJC_WEAK = YES;
				CLANG_WARN_BLOCK_CAPTURE_AUTORELEASING = YES;
				CLANG_WARN_BOOL_CONVERSION = YES;
				CLANG_WARN_COMMA = YES;
				CLANG_WARN_CONSTANT_CONVERSION = YES;
				CLANG_WARN_DEPRECATED_OBJC_IMPLEMENTATIONS = YES;
				CLANG_WARN_DIRECT_OBJC_ISA_USAGE = YES_ERROR;
				CLANG_WARN_DOCUMENTATION_COMMENTS = YES;
				CLANG_WARN_EMPTY_BODY = YES;
				CLANG_WARN_ENUM_CONVERSION = YES;
				CLANG_WARN_INFINITE_RECURSION = YES;
				CLANG_WARN_INT_CONVERSION = YES;
				CLANG_WARN_NON_LITERAL_NULL_CONVERSION = YES;
				CLANG_WARN_OBJC_IMPLICIT_RETAIN_SELF = YES;
				CLANG_WARN_OBJC_LITERAL_CONVERSION = YES;
				CLANG_WARN_OBJC_ROOT_CLASS = YES_ERROR;
				CLANG_WARN_QUOTED_INCLUDE_IN_FRAMEWORK_HEADER = YES;
				CLANG_WARN_RANGE_LOOP_ANALYSIS = YES;
				CLANG_WARN_STRICT_PROTOTYPES = YES;
				CLANG_WARN_SUSPICIOUS_MOVE = YES;
				CLANG_WARN_UNGUARDED_AVAILABILITY = YES_AGGRESSIVE;
				CLANG_WARN_UNREACHABLE_CODE = YES;
				CLANG_WARN__DUPLICATE_METHOD_MATCH = YES;
				COPY_PHASE_STRIP = NO;
				DEBUG_INFORMATION_FORMAT = "dwarf-with-dsym";
				ENABLE_NS_ASSERTIONS = NO;
				ENABLE_STRICT_OBJC_MSGSEND = YES;
				GCC_C_LANGUAGE_STANDARD = gnu11;
				GCC_NO_COMMON_BLOCKS = YES;
				GCC_WARN_64_TO_32_BIT_CONVERSION = YES;
				GCC_WARN_ABOUT_RETURN_TYPE = YES_ERROR;
				GCC_WARN_UNDECLARED_SELECTOR = YES;
				GCC_WARN_UNINITIALIZED_AUTOS = YES_AGGRESSIVE;
				GCC_WARN_UNUSED_FUNCTION = YES;
				GCC_WARN_UNUSED_VARIABLE = YES;
				IPHONEOS_DEPLOYMENT_TARGET = 16.4;
				MTL_ENABLE_DEBUG_INFO = NO;
				MTL_FAST_MATH = YES;
				SDKROOT = iphoneos;
				SWIFT_COMPILATION_MODE = wholemodule;
				SWIFT_OPTIMIZATION_LEVEL = "-O";
				VALIDATE_PRODUCT = YES;
			};
			name = Release;
		};
		2B8C11662B89C5FC007F600D /* Debug */ = {
			isa = XCBuildConfiguration;
			buildSettings = {
				ASSETCATALOG_COMPILER_APPICON_NAME = AppIcon;
				ASSETCATALOG_COMPILER_GLOBAL_ACCENT_COLOR_NAME = AccentColor;
				CODE_SIGN_STYLE = Automatic;
				CURRENT_PROJECT_VERSION = 1;
				DEVELOPMENT_TEAM = 223F5KTN48;
				GENERATE_INFOPLIST_FILE = YES;
				INFOPLIST_FILE = Tracker/Info.plist;
				INFOPLIST_KEY_LSApplicationCategoryType = "public.app-category.productivity";
				INFOPLIST_KEY_UIApplicationSupportsIndirectInputEvents = YES;
				INFOPLIST_KEY_UILaunchStoryboardName = LaunchScreen;
				INFOPLIST_KEY_UISupportedInterfaceOrientations = UIInterfaceOrientationPortrait;
				INFOPLIST_KEY_UISupportedInterfaceOrientations_iPad = "UIInterfaceOrientationLandscapeLeft UIInterfaceOrientationLandscapeRight UIInterfaceOrientationPortrait UIInterfaceOrientationPortraitUpsideDown";
				IPHONEOS_DEPLOYMENT_TARGET = 13.4;
				LD_RUNPATH_SEARCH_PATHS = (
					"$(inherited)",
					"@executable_path/Frameworks",
				);
				MARKETING_VERSION = 1.0;
				PRODUCT_BUNDLE_IDENTIFIER = ru.gegcan.Tracker;
				PRODUCT_NAME = "$(TARGET_NAME)";
				SUPPORTED_PLATFORMS = "iphoneos iphonesimulator";
				SUPPORTS_MACCATALYST = NO;
				SUPPORTS_MAC_DESIGNED_FOR_IPHONE_IPAD = NO;
				SWIFT_EMIT_LOC_STRINGS = YES;
				SWIFT_VERSION = 5.0;
				TARGETED_DEVICE_FAMILY = 1;
			};
			name = Debug;
		};
		2B8C11672B89C5FC007F600D /* Release */ = {
			isa = XCBuildConfiguration;
			buildSettings = {
				ASSETCATALOG_COMPILER_APPICON_NAME = AppIcon;
				ASSETCATALOG_COMPILER_GLOBAL_ACCENT_COLOR_NAME = AccentColor;
				CODE_SIGN_STYLE = Automatic;
				CURRENT_PROJECT_VERSION = 1;
				DEVELOPMENT_TEAM = 223F5KTN48;
				GENERATE_INFOPLIST_FILE = YES;
				INFOPLIST_FILE = Tracker/Info.plist;
				INFOPLIST_KEY_LSApplicationCategoryType = "public.app-category.productivity";
				INFOPLIST_KEY_UIApplicationSupportsIndirectInputEvents = YES;
				INFOPLIST_KEY_UILaunchStoryboardName = LaunchScreen;
				INFOPLIST_KEY_UISupportedInterfaceOrientations = UIInterfaceOrientationPortrait;
				INFOPLIST_KEY_UISupportedInterfaceOrientations_iPad = "UIInterfaceOrientationLandscapeLeft UIInterfaceOrientationLandscapeRight UIInterfaceOrientationPortrait UIInterfaceOrientationPortraitUpsideDown";
				IPHONEOS_DEPLOYMENT_TARGET = 13.4;
				LD_RUNPATH_SEARCH_PATHS = (
					"$(inherited)",
					"@executable_path/Frameworks",
				);
				MARKETING_VERSION = 1.0;
				PRODUCT_BUNDLE_IDENTIFIER = ru.gegcan.Tracker;
				PRODUCT_NAME = "$(TARGET_NAME)";
				SUPPORTED_PLATFORMS = "iphoneos iphonesimulator";
				SUPPORTS_MACCATALYST = NO;
				SUPPORTS_MAC_DESIGNED_FOR_IPHONE_IPAD = NO;
				SWIFT_EMIT_LOC_STRINGS = YES;
				SWIFT_VERSION = 5.0;
				TARGETED_DEVICE_FAMILY = 1;
			};
			name = Release;
		};
/* End XCBuildConfiguration section */

/* Begin XCConfigurationList section */
		2B8C114C2B89C5F7007F600D /* Build configuration list for PBXProject "Tracker" */ = {
			isa = XCConfigurationList;
			buildConfigurations = (
				2B8C11632B89C5FC007F600D /* Debug */,
				2B8C11642B89C5FC007F600D /* Release */,
			);
			defaultConfigurationIsVisible = 0;
			defaultConfigurationName = Release;
		};
		2B8C11652B89C5FC007F600D /* Build configuration list for PBXNativeTarget "Tracker" */ = {
			isa = XCConfigurationList;
			buildConfigurations = (
				2B8C11662B89C5FC007F600D /* Debug */,
				2B8C11672B89C5FC007F600D /* Release */,
			);
			defaultConfigurationIsVisible = 0;
			defaultConfigurationName = Release;
		};
/* End XCConfigurationList section */

/* Begin XCVersionGroup section */
		2BD9567B2BAD34A8003CCD5B /* Tracker.xcdatamodeld */ = {
			isa = XCVersionGroup;
			children = (
				2BD9567C2BAD34A8003CCD5B /* Tracker.xcdatamodel */,
			);
			currentVersion = 2BD9567C2BAD34A8003CCD5B /* Tracker.xcdatamodel */;
			path = Tracker.xcdatamodeld;
			sourceTree = "<group>";
			versionGroupType = wrapper.xcdatamodel;
		};
/* End XCVersionGroup section */
	};
	rootObject = 2B8C11492B89C5F7007F600D /* Project object */;
}
